// !$*UTF8*$!
{
	archiveVersion = 1;
	classes = {
	};
	objectVersion = 56;
	objects = {

/* Begin PBXBuildFile section */
		940C92BC2B01A028003003C1 /* CALayerExtensions.swift in Sources */ = {isa = PBXBuildFile; fileRef = 940C92BB2B01A028003003C1 /* CALayerExtensions.swift */; };
		940C92BE2B01A25B003003C1 /* Cornered.swift in Sources */ = {isa = PBXBuildFile; fileRef = 940C92BD2B01A25B003003C1 /* Cornered.swift */; };
		940C92C12B01A8BE003003C1 /* CGColorExtensions.swift in Sources */ = {isa = PBXBuildFile; fileRef = 940C92C02B01A8BE003003C1 /* CGColorExtensions.swift */; };
		940C92C32B01ABB7003003C1 /* CGFloatExtensions.swift in Sources */ = {isa = PBXBuildFile; fileRef = 940C92C22B01ABB7003003C1 /* CGFloatExtensions.swift */; };
		940C92C52B01AFB4003003C1 /* CGPointExtensions.swift in Sources */ = {isa = PBXBuildFile; fileRef = 940C92C42B01AFB4003003C1 /* CGPointExtensions.swift */; };
		940C92C72B01B1F4003003C1 /* CGSizeExtensions.swift in Sources */ = {isa = PBXBuildFile; fileRef = 940C92C62B01B1F4003003C1 /* CGSizeExtensions.swift */; };
		940C92C92B01B66A003003C1 /* CGRectExtensions.swift in Sources */ = {isa = PBXBuildFile; fileRef = 940C92C82B01B66A003003C1 /* CGRectExtensions.swift */; };
		940C92CC2B01C281003003C1 /* CLLocationCoordinate2DExtensions.swift in Sources */ = {isa = PBXBuildFile; fileRef = 940C92CB2B01C281003003C1 /* CLLocationCoordinate2DExtensions.swift */; };
		9426F0682AF364220036B3AC /* UIApplicationExtensions.swift in Sources */ = {isa = PBXBuildFile; fileRef = 9426F0672AF364220036B3AC /* UIApplicationExtensions.swift */; };
		9426F06A2AF382CE0036B3AC /* UIFontExtensions.swift in Sources */ = {isa = PBXBuildFile; fileRef = 9426F0692AF382CE0036B3AC /* UIFontExtensions.swift */; };
		9426F06C2AF383A80036B3AC /* UIGestureRecognizerExtensions.swift in Sources */ = {isa = PBXBuildFile; fileRef = 9426F06B2AF383A80036B3AC /* UIGestureRecognizerExtensions.swift */; };
		9426F06E2AF383EA0036B3AC /* UIScreenExtensions.swift in Sources */ = {isa = PBXBuildFile; fileRef = 9426F06D2AF383EA0036B3AC /* UIScreenExtensions.swift */; };
		9426F0702AF3868E0036B3AC /* UIStackViewExtensions.swift in Sources */ = {isa = PBXBuildFile; fileRef = 9426F06F2AF3868E0036B3AC /* UIStackViewExtensions.swift */; };
		9426F0742AF389C10036B3AC /* UIColorExtensions.swift in Sources */ = {isa = PBXBuildFile; fileRef = 9426F0732AF389C10036B3AC /* UIColorExtensions.swift */; };
		9426F0762AF38E070036B3AC /* UIWindowExtensions.swift in Sources */ = {isa = PBXBuildFile; fileRef = 9426F0752AF38E070036B3AC /* UIWindowExtensions.swift */; };
		9426F0782AF3901D0036B3AC /* UIScrollViewExtensions.swift in Sources */ = {isa = PBXBuildFile; fileRef = 9426F0772AF3901D0036B3AC /* UIScrollViewExtensions.swift */; };
		9471292F2AFC8EF700FEB8A4 /* WKWebViewExtensionsTests.swift in Sources */ = {isa = PBXBuildFile; fileRef = 9471292E2AFC8EF700FEB8A4 /* WKWebViewExtensionsTests.swift */; };
		947129342AFCA41400FEB8A4 /* DispatchQueueExtensionsTests.swift in Sources */ = {isa = PBXBuildFile; fileRef = 947129332AFCA41400FEB8A4 /* DispatchQueueExtensionsTests.swift */; };
		947129392AFCB1F600FEB8A4 /* UIAlertControllerExtensionsTests.swift in Sources */ = {isa = PBXBuildFile; fileRef = 947129382AFCB1F600FEB8A4 /* UIAlertControllerExtensionsTests.swift */; };
		9471293D2AFCBA1700FEB8A4 /* UIBezierPathExtensionsTests.swift in Sources */ = {isa = PBXBuildFile; fileRef = 9471293C2AFCBA1700FEB8A4 /* UIBezierPathExtensionsTests.swift */; };
		947129402AFCC83F00FEB8A4 /* UIButtonExtensions.swift in Sources */ = {isa = PBXBuildFile; fileRef = 9471293E2AFCC83B00FEB8A4 /* UIButtonExtensions.swift */; };
		947129412AFCC84300FEB8A4 /* UIBezierPathExtensions.swift in Sources */ = {isa = PBXBuildFile; fileRef = 9471293A2AFCB6D600FEB8A4 /* UIBezierPathExtensions.swift */; };
		9471294E2AFCC84F00FEB8A4 /* UIAlertControllerExtensions.swift in Sources */ = {isa = PBXBuildFile; fileRef = 947129362AFCB00800FEB8A4 /* UIAlertControllerExtensions.swift */; };
		949850752AFE231600C0DB04 /* UIImageViewExtensions.swift in Sources */ = {isa = PBXBuildFile; fileRef = 949850742AFE231600C0DB04 /* UIImageViewExtensions.swift */; };
		949850772AFE242700C0DB04 /* UISwitchExtensions.swift in Sources */ = {isa = PBXBuildFile; fileRef = 949850762AFE242700C0DB04 /* UISwitchExtensions.swift */; };
		9498507A2AFE255B00C0DB04 /* CAGradientLayerExtensions.swift in Sources */ = {isa = PBXBuildFile; fileRef = 949850792AFE255B00C0DB04 /* CAGradientLayerExtensions.swift */; };
		94DDD2112AF32CFB00077AA6 /* SBExtensions.framework in Frameworks */ = {isa = PBXBuildFile; fileRef = 94DDD2082AF32CFB00077AA6 /* SBExtensions.framework */; };
		94DDD22B2AF3340400077AA6 /* WKWebViewExtensions.swift in Sources */ = {isa = PBXBuildFile; fileRef = 94DDD22A2AF3340400077AA6 /* WKWebViewExtensions.swift */; };
		94DDD22E2AF3368400077AA6 /* DispatchQueueExtensions.swift in Sources */ = {isa = PBXBuildFile; fileRef = 94DDD22D2AF3368400077AA6 /* DispatchQueueExtensions.swift */; };
		94DDD2312AF3389E00077AA6 /* UITableViewExtensions.swift in Sources */ = {isa = PBXBuildFile; fileRef = 94DDD2302AF3389E00077AA6 /* UITableViewExtensions.swift */; };
		94DDD2332AF338E400077AA6 /* NibLoadable.swift in Sources */ = {isa = PBXBuildFile; fileRef = 94DDD2322AF338E400077AA6 /* NibLoadable.swift */; };
		94DDD2372AF33AD800077AA6 /* UICollectionViewExtensions.swift in Sources */ = {isa = PBXBuildFile; fileRef = 94DDD2362AF33AD800077AA6 /* UICollectionViewExtensions.swift */; };
/* End PBXBuildFile section */

/* Begin PBXContainerItemProxy section */
		94DDD2122AF32CFB00077AA6 /* PBXContainerItemProxy */ = {
			isa = PBXContainerItemProxy;
			containerPortal = 94DDD1FF2AF32CFB00077AA6 /* Project object */;
			proxyType = 1;
			remoteGlobalIDString = 94DDD2072AF32CFB00077AA6;
			remoteInfo = SBExtensions;
		};
/* End PBXContainerItemProxy section */

/* Begin PBXFileReference section */
		940C92BB2B01A028003003C1 /* CALayerExtensions.swift */ = {isa = PBXFileReference; lastKnownFileType = sourcecode.swift; path = CALayerExtensions.swift; sourceTree = "<group>"; };
		940C92BD2B01A25B003003C1 /* Cornered.swift */ = {isa = PBXFileReference; lastKnownFileType = sourcecode.swift; path = Cornered.swift; sourceTree = "<group>"; };
		940C92C02B01A8BE003003C1 /* CGColorExtensions.swift */ = {isa = PBXFileReference; lastKnownFileType = sourcecode.swift; path = CGColorExtensions.swift; sourceTree = "<group>"; };
		940C92C22B01ABB7003003C1 /* CGFloatExtensions.swift */ = {isa = PBXFileReference; lastKnownFileType = sourcecode.swift; path = CGFloatExtensions.swift; sourceTree = "<group>"; };
		940C92C42B01AFB4003003C1 /* CGPointExtensions.swift */ = {isa = PBXFileReference; lastKnownFileType = sourcecode.swift; path = CGPointExtensions.swift; sourceTree = "<group>"; };
		940C92C62B01B1F4003003C1 /* CGSizeExtensions.swift */ = {isa = PBXFileReference; lastKnownFileType = sourcecode.swift; path = CGSizeExtensions.swift; sourceTree = "<group>"; };
		940C92C82B01B66A003003C1 /* CGRectExtensions.swift */ = {isa = PBXFileReference; lastKnownFileType = sourcecode.swift; path = CGRectExtensions.swift; sourceTree = "<group>"; };
		940C92CB2B01C281003003C1 /* CLLocationCoordinate2DExtensions.swift */ = {isa = PBXFileReference; lastKnownFileType = sourcecode.swift; path = CLLocationCoordinate2DExtensions.swift; sourceTree = "<group>"; };
		9426F0672AF364220036B3AC /* UIApplicationExtensions.swift */ = {isa = PBXFileReference; lastKnownFileType = sourcecode.swift; path = UIApplicationExtensions.swift; sourceTree = "<group>"; };
		9426F0692AF382CE0036B3AC /* UIFontExtensions.swift */ = {isa = PBXFileReference; lastKnownFileType = sourcecode.swift; path = UIFontExtensions.swift; sourceTree = "<group>"; };
		9426F06B2AF383A80036B3AC /* UIGestureRecognizerExtensions.swift */ = {isa = PBXFileReference; lastKnownFileType = sourcecode.swift; path = UIGestureRecognizerExtensions.swift; sourceTree = "<group>"; };
		9426F06D2AF383EA0036B3AC /* UIScreenExtensions.swift */ = {isa = PBXFileReference; lastKnownFileType = sourcecode.swift; path = UIScreenExtensions.swift; sourceTree = "<group>"; };
		9426F06F2AF3868E0036B3AC /* UIStackViewExtensions.swift */ = {isa = PBXFileReference; lastKnownFileType = sourcecode.swift; path = UIStackViewExtensions.swift; sourceTree = "<group>"; };
		9426F0732AF389C10036B3AC /* UIColorExtensions.swift */ = {isa = PBXFileReference; lastKnownFileType = sourcecode.swift; path = UIColorExtensions.swift; sourceTree = "<group>"; };
		9426F0752AF38E070036B3AC /* UIWindowExtensions.swift */ = {isa = PBXFileReference; lastKnownFileType = sourcecode.swift; path = UIWindowExtensions.swift; sourceTree = "<group>"; };
		9426F0772AF3901D0036B3AC /* UIScrollViewExtensions.swift */ = {isa = PBXFileReference; lastKnownFileType = sourcecode.swift; path = UIScrollViewExtensions.swift; sourceTree = "<group>"; };
		9471292E2AFC8EF700FEB8A4 /* WKWebViewExtensionsTests.swift */ = {isa = PBXFileReference; lastKnownFileType = sourcecode.swift; path = WKWebViewExtensionsTests.swift; sourceTree = "<group>"; };
		947129332AFCA41400FEB8A4 /* DispatchQueueExtensionsTests.swift */ = {isa = PBXFileReference; lastKnownFileType = sourcecode.swift; path = DispatchQueueExtensionsTests.swift; sourceTree = "<group>"; };
		947129362AFCB00800FEB8A4 /* UIAlertControllerExtensions.swift */ = {isa = PBXFileReference; lastKnownFileType = sourcecode.swift; path = UIAlertControllerExtensions.swift; sourceTree = "<group>"; };
		947129382AFCB1F600FEB8A4 /* UIAlertControllerExtensionsTests.swift */ = {isa = PBXFileReference; lastKnownFileType = sourcecode.swift; path = UIAlertControllerExtensionsTests.swift; sourceTree = "<group>"; };
		9471293A2AFCB6D600FEB8A4 /* UIBezierPathExtensions.swift */ = {isa = PBXFileReference; lastKnownFileType = sourcecode.swift; path = UIBezierPathExtensions.swift; sourceTree = "<group>"; };
		9471293C2AFCBA1700FEB8A4 /* UIBezierPathExtensionsTests.swift */ = {isa = PBXFileReference; lastKnownFileType = sourcecode.swift; path = UIBezierPathExtensionsTests.swift; sourceTree = "<group>"; };
		9471293E2AFCC83B00FEB8A4 /* UIButtonExtensions.swift */ = {isa = PBXFileReference; lastKnownFileType = sourcecode.swift; path = UIButtonExtensions.swift; sourceTree = "<group>"; };
		949850742AFE231600C0DB04 /* UIImageViewExtensions.swift */ = {isa = PBXFileReference; lastKnownFileType = sourcecode.swift; path = UIImageViewExtensions.swift; sourceTree = "<group>"; };
		949850762AFE242700C0DB04 /* UISwitchExtensions.swift */ = {isa = PBXFileReference; lastKnownFileType = sourcecode.swift; path = UISwitchExtensions.swift; sourceTree = "<group>"; };
		949850792AFE255B00C0DB04 /* CAGradientLayerExtensions.swift */ = {isa = PBXFileReference; lastKnownFileType = sourcecode.swift; path = CAGradientLayerExtensions.swift; sourceTree = "<group>"; };
		94DDD2082AF32CFB00077AA6 /* SBExtensions.framework */ = {isa = PBXFileReference; explicitFileType = wrapper.framework; includeInIndex = 0; path = SBExtensions.framework; sourceTree = BUILT_PRODUCTS_DIR; };
		94DDD2102AF32CFB00077AA6 /* SBExtensionsTests.xctest */ = {isa = PBXFileReference; explicitFileType = wrapper.cfbundle; includeInIndex = 0; path = SBExtensionsTests.xctest; sourceTree = BUILT_PRODUCTS_DIR; };
		94DDD22A2AF3340400077AA6 /* WKWebViewExtensions.swift */ = {isa = PBXFileReference; lastKnownFileType = sourcecode.swift; path = WKWebViewExtensions.swift; sourceTree = "<group>"; };
		94DDD22D2AF3368400077AA6 /* DispatchQueueExtensions.swift */ = {isa = PBXFileReference; lastKnownFileType = sourcecode.swift; path = DispatchQueueExtensions.swift; sourceTree = "<group>"; };
		94DDD2302AF3389E00077AA6 /* UITableViewExtensions.swift */ = {isa = PBXFileReference; lastKnownFileType = sourcecode.swift; path = UITableViewExtensions.swift; sourceTree = "<group>"; };
		94DDD2322AF338E400077AA6 /* NibLoadable.swift */ = {isa = PBXFileReference; lastKnownFileType = sourcecode.swift; path = NibLoadable.swift; sourceTree = "<group>"; };
		94DDD2362AF33AD800077AA6 /* UICollectionViewExtensions.swift */ = {isa = PBXFileReference; lastKnownFileType = sourcecode.swift; path = UICollectionViewExtensions.swift; sourceTree = "<group>"; };
/* End PBXFileReference section */

/* Begin PBXFrameworksBuildPhase section */
		94DDD2052AF32CFB00077AA6 /* Frameworks */ = {
			isa = PBXFrameworksBuildPhase;
			buildActionMask = 2147483647;
			files = (
			);
			runOnlyForDeploymentPostprocessing = 0;
		};
		94DDD20D2AF32CFB00077AA6 /* Frameworks */ = {
			isa = PBXFrameworksBuildPhase;
			buildActionMask = 2147483647;
			files = (
				94DDD2112AF32CFB00077AA6 /* SBExtensions.framework in Frameworks */,
			);
			runOnlyForDeploymentPostprocessing = 0;
		};
/* End PBXFrameworksBuildPhase section */

/* Begin PBXGroup section */
		940C92BF2B01A8A6003003C1 /* CoreGraphics */ = {
			isa = PBXGroup;
			children = (
				940C92C02B01A8BE003003C1 /* CGColorExtensions.swift */,
				940C92C22B01ABB7003003C1 /* CGFloatExtensions.swift */,
				940C92C42B01AFB4003003C1 /* CGPointExtensions.swift */,
				940C92C82B01B66A003003C1 /* CGRectExtensions.swift */,
				940C92C62B01B1F4003003C1 /* CGSizeExtensions.swift */,
			);
			path = CoreGraphics;
			sourceTree = "<group>";
		};
		940C92CA2B01C24E003003C1 /* CoreLocation */ = {
			isa = PBXGroup;
			children = (
				940C92CB2B01C281003003C1 /* CLLocationCoordinate2DExtensions.swift */,
			);
			path = CoreLocation;
			sourceTree = "<group>";
		};
		9471292D2AFC8EE300FEB8A4 /* WebKit */ = {
			isa = PBXGroup;
			children = (
				9471292E2AFC8EF700FEB8A4 /* WKWebViewExtensionsTests.swift */,
			);
			name = WebKit;
			path = Tests/WebKit;
			sourceTree = "<group>";
		};
		947129322AFCA3FC00FEB8A4 /* Dispatch */ = {
			isa = PBXGroup;
			children = (
				947129332AFCA41400FEB8A4 /* DispatchQueueExtensionsTests.swift */,
			);
			name = Dispatch;
			path = Tests/Dispatch;
			sourceTree = "<group>";
		};
		947129352AFCA9EC00FEB8A4 /* UIKit */ = {
			isa = PBXGroup;
			children = (
				947129382AFCB1F600FEB8A4 /* UIAlertControllerExtensionsTests.swift */,
				9471293C2AFCBA1700FEB8A4 /* UIBezierPathExtensionsTests.swift */,
			);
			name = UIKit;
			path = Tests/UIKit;
			sourceTree = "<group>";
		};
		949850782AFE254000C0DB04 /* CoreAnimation */ = {
			isa = PBXGroup;
			children = (
				949850792AFE255B00C0DB04 /* CAGradientLayerExtensions.swift */,
				940C92BB2B01A028003003C1 /* CALayerExtensions.swift */,
			);
			path = CoreAnimation;
			sourceTree = "<group>";
		};
		94DDD1FE2AF32CFB00077AA6 = {
			isa = PBXGroup;
			children = (
				94DDD2202AF32D3300077AA6 /* Sources */,
				94DDD2222AF32D3300077AA6 /* Tests */,
				94DDD2092AF32CFB00077AA6 /* Products */,
			);
			sourceTree = "<group>";
		};
		94DDD2092AF32CFB00077AA6 /* Products */ = {
			isa = PBXGroup;
			children = (
				94DDD2082AF32CFB00077AA6 /* SBExtensions.framework */,
				94DDD2102AF32CFB00077AA6 /* SBExtensionsTests.xctest */,
			);
			name = Products;
			sourceTree = "<group>";
		};
		94DDD2202AF32D3300077AA6 /* Sources */ = {
			isa = PBXGroup;
			children = (
				940C92BD2B01A25B003003C1 /* Cornered.swift */,
				94DDD2322AF338E400077AA6 /* NibLoadable.swift */,
				949850782AFE254000C0DB04 /* CoreAnimation */,
				940C92BF2B01A8A6003003C1 /* CoreGraphics */,
				940C92CA2B01C24E003003C1 /* CoreLocation */,
				94DDD22C2AF3366D00077AA6 /* Dispatch */,
				94DDD22F2AF3388900077AA6 /* UIKit */,
				94DDD2282AF333F200077AA6 /* WebKit */,
			);
			path = Sources;
			sourceTree = "<group>";
		};
		94DDD2222AF32D3300077AA6 /* Tests */ = {
			isa = PBXGroup;
			children = (
				947129322AFCA3FC00FEB8A4 /* Dispatch */,
				947129352AFCA9EC00FEB8A4 /* UIKit */,
				9471292D2AFC8EE300FEB8A4 /* WebKit */,
			);
			name = Tests;
			sourceTree = "<group>";
		};
		94DDD2282AF333F200077AA6 /* WebKit */ = {
			isa = PBXGroup;
			children = (
				94DDD22A2AF3340400077AA6 /* WKWebViewExtensions.swift */,
			);
			path = WebKit;
			sourceTree = "<group>";
		};
		94DDD22C2AF3366D00077AA6 /* Dispatch */ = {
			isa = PBXGroup;
			children = (
				94DDD22D2AF3368400077AA6 /* DispatchQueueExtensions.swift */,
			);
			path = Dispatch;
			sourceTree = "<group>";
		};
		94DDD22F2AF3388900077AA6 /* UIKit */ = {
			isa = PBXGroup;
			children = (
				947129362AFCB00800FEB8A4 /* UIAlertControllerExtensions.swift */,
				9426F0672AF364220036B3AC /* UIApplicationExtensions.swift */,
				9471293A2AFCB6D600FEB8A4 /* UIBezierPathExtensions.swift */,
				9471293E2AFCC83B00FEB8A4 /* UIButtonExtensions.swift */,
				94DDD2362AF33AD800077AA6 /* UICollectionViewExtensions.swift */,
				9426F0732AF389C10036B3AC /* UIColorExtensions.swift */,
				9426F0692AF382CE0036B3AC /* UIFontExtensions.swift */,
				9426F06B2AF383A80036B3AC /* UIGestureRecognizerExtensions.swift */,
				949850742AFE231600C0DB04 /* UIImageViewExtensions.swift */,
				9426F06D2AF383EA0036B3AC /* UIScreenExtensions.swift */,
				9426F0772AF3901D0036B3AC /* UIScrollViewExtensions.swift */,
				9426F06F2AF3868E0036B3AC /* UIStackViewExtensions.swift */,
				949850762AFE242700C0DB04 /* UISwitchExtensions.swift */,
				94DDD2302AF3389E00077AA6 /* UITableViewExtensions.swift */,
				9426F0752AF38E070036B3AC /* UIWindowExtensions.swift */,
			);
			path = UIKit;
			sourceTree = "<group>";
		};
/* End PBXGroup section */

/* Begin PBXHeadersBuildPhase section */
		94DDD2032AF32CFB00077AA6 /* Headers */ = {
			isa = PBXHeadersBuildPhase;
			buildActionMask = 2147483647;
			files = (
			);
			runOnlyForDeploymentPostprocessing = 0;
		};
/* End PBXHeadersBuildPhase section */

/* Begin PBXNativeTarget section */
		94DDD2072AF32CFB00077AA6 /* SBExtensions */ = {
			isa = PBXNativeTarget;
			buildConfigurationList = 94DDD21A2AF32CFB00077AA6 /* Build configuration list for PBXNativeTarget "SBExtensions" */;
			buildPhases = (
				94DDD2032AF32CFB00077AA6 /* Headers */,
				94DDD2042AF32CFB00077AA6 /* Sources */,
				94DDD2052AF32CFB00077AA6 /* Frameworks */,
				94DDD2062AF32CFB00077AA6 /* Resources */,
			);
			buildRules = (
			);
			dependencies = (
			);
			name = SBExtensions;
			productName = SBExtensions;
			productReference = 94DDD2082AF32CFB00077AA6 /* SBExtensions.framework */;
			productType = "com.apple.product-type.framework";
		};
		94DDD20F2AF32CFB00077AA6 /* SBExtensionsTests */ = {
			isa = PBXNativeTarget;
			buildConfigurationList = 94DDD21D2AF32CFB00077AA6 /* Build configuration list for PBXNativeTarget "SBExtensionsTests" */;
			buildPhases = (
				94DDD20C2AF32CFB00077AA6 /* Sources */,
				94DDD20D2AF32CFB00077AA6 /* Frameworks */,
				94DDD20E2AF32CFB00077AA6 /* Resources */,
			);
			buildRules = (
			);
			dependencies = (
				94DDD2132AF32CFB00077AA6 /* PBXTargetDependency */,
			);
			name = SBExtensionsTests;
			productName = SBExtensionsTests;
			productReference = 94DDD2102AF32CFB00077AA6 /* SBExtensionsTests.xctest */;
			productType = "com.apple.product-type.bundle.unit-test";
		};
/* End PBXNativeTarget section */

/* Begin PBXProject section */
		94DDD1FF2AF32CFB00077AA6 /* Project object */ = {
			isa = PBXProject;
			attributes = {
				BuildIndependentTargetsInParallel = 1;
				LastSwiftUpdateCheck = 1430;
				LastUpgradeCheck = 1430;
				TargetAttributes = {
					94DDD2072AF32CFB00077AA6 = {
						CreatedOnToolsVersion = 14.3.1;
						LastSwiftMigration = 1430;
					};
					94DDD20F2AF32CFB00077AA6 = {
						CreatedOnToolsVersion = 14.3.1;
						LastSwiftMigration = 1430;
					};
				};
			};
			buildConfigurationList = 94DDD2022AF32CFB00077AA6 /* Build configuration list for PBXProject "SBExtensions" */;
			compatibilityVersion = "Xcode 14.0";
			developmentRegion = en;
			hasScannedForEncodings = 0;
			knownRegions = (
				en,
				Base,
			);
			mainGroup = 94DDD1FE2AF32CFB00077AA6;
			productRefGroup = 94DDD2092AF32CFB00077AA6 /* Products */;
			projectDirPath = "";
			projectRoot = "";
			targets = (
				94DDD2072AF32CFB00077AA6 /* SBExtensions */,
				94DDD20F2AF32CFB00077AA6 /* SBExtensionsTests */,
			);
		};
/* End PBXProject section */

/* Begin PBXResourcesBuildPhase section */
		94DDD2062AF32CFB00077AA6 /* Resources */ = {
			isa = PBXResourcesBuildPhase;
			buildActionMask = 2147483647;
			files = (
			);
			runOnlyForDeploymentPostprocessing = 0;
		};
		94DDD20E2AF32CFB00077AA6 /* Resources */ = {
			isa = PBXResourcesBuildPhase;
			buildActionMask = 2147483647;
			files = (
			);
			runOnlyForDeploymentPostprocessing = 0;
		};
/* End PBXResourcesBuildPhase section */

/* Begin PBXSourcesBuildPhase section */
		94DDD2042AF32CFB00077AA6 /* Sources */ = {
			isa = PBXSourcesBuildPhase;
			buildActionMask = 2147483647;
			files = (
				9426F0682AF364220036B3AC /* UIApplicationExtensions.swift in Sources */,
				94DDD2372AF33AD800077AA6 /* UICollectionViewExtensions.swift in Sources */,
				9471294E2AFCC84F00FEB8A4 /* UIAlertControllerExtensions.swift in Sources */,
				9426F06A2AF382CE0036B3AC /* UIFontExtensions.swift in Sources */,
				940C92CC2B01C281003003C1 /* CLLocationCoordinate2DExtensions.swift in Sources */,
				9426F06C2AF383A80036B3AC /* UIGestureRecognizerExtensions.swift in Sources */,
				94DDD2312AF3389E00077AA6 /* UITableViewExtensions.swift in Sources */,
				9426F0762AF38E070036B3AC /* UIWindowExtensions.swift in Sources */,
				940C92BC2B01A028003003C1 /* CALayerExtensions.swift in Sources */,
				9498507A2AFE255B00C0DB04 /* CAGradientLayerExtensions.swift in Sources */,
				9426F0782AF3901D0036B3AC /* UIScrollViewExtensions.swift in Sources */,
				9426F0702AF3868E0036B3AC /* UIStackViewExtensions.swift in Sources */,
				9426F0742AF389C10036B3AC /* UIColorExtensions.swift in Sources */,
				94DDD2332AF338E400077AA6 /* NibLoadable.swift in Sources */,
				94DDD22B2AF3340400077AA6 /* WKWebViewExtensions.swift in Sources */,
				947129412AFCC84300FEB8A4 /* UIBezierPathExtensions.swift in Sources */,
				94DDD22E2AF3368400077AA6 /* DispatchQueueExtensions.swift in Sources */,
				9426F06E2AF383EA0036B3AC /* UIScreenExtensions.swift in Sources */,
				949850772AFE242700C0DB04 /* UISwitchExtensions.swift in Sources */,
				949850752AFE231600C0DB04 /* UIImageViewExtensions.swift in Sources */,
				940C92C92B01B66A003003C1 /* CGRectExtensions.swift in Sources */,
				940C92BE2B01A25B003003C1 /* Cornered.swift in Sources */,
				940C92C72B01B1F4003003C1 /* CGSizeExtensions.swift in Sources */,
				940C92C32B01ABB7003003C1 /* CGFloatExtensions.swift in Sources */,
				947129402AFCC83F00FEB8A4 /* UIButtonExtensions.swift in Sources */,
				940C92C52B01AFB4003003C1 /* CGPointExtensions.swift in Sources */,
				940C92C12B01A8BE003003C1 /* CGColorExtensions.swift in Sources */,
			);
			runOnlyForDeploymentPostprocessing = 0;
		};
		94DDD20C2AF32CFB00077AA6 /* Sources */ = {
			isa = PBXSourcesBuildPhase;
			buildActionMask = 2147483647;
			files = (
				947129342AFCA41400FEB8A4 /* DispatchQueueExtensionsTests.swift in Sources */,
				9471293D2AFCBA1700FEB8A4 /* UIBezierPathExtensionsTests.swift in Sources */,
				947129392AFCB1F600FEB8A4 /* UIAlertControllerExtensionsTests.swift in Sources */,
				9471292F2AFC8EF700FEB8A4 /* WKWebViewExtensionsTests.swift in Sources */,
			);
			runOnlyForDeploymentPostprocessing = 0;
		};
/* End PBXSourcesBuildPhase section */

/* Begin PBXTargetDependency section */
		94DDD2132AF32CFB00077AA6 /* PBXTargetDependency */ = {
			isa = PBXTargetDependency;
			target = 94DDD2072AF32CFB00077AA6 /* SBExtensions */;
			targetProxy = 94DDD2122AF32CFB00077AA6 /* PBXContainerItemProxy */;
		};
/* End PBXTargetDependency section */

/* Begin XCBuildConfiguration section */
		94DDD2182AF32CFB00077AA6 /* Debug */ = {
			isa = XCBuildConfiguration;
			buildSettings = {
				ALWAYS_SEARCH_USER_PATHS = NO;
				CLANG_ANALYZER_NONNULL = YES;
				CLANG_ANALYZER_NUMBER_OBJECT_CONVERSION = YES_AGGRESSIVE;
				CLANG_CXX_LANGUAGE_STANDARD = "gnu++20";
				CLANG_ENABLE_MODULES = YES;
				CLANG_ENABLE_OBJC_ARC = YES;
				CLANG_ENABLE_OBJC_WEAK = YES;
				CLANG_WARN_BLOCK_CAPTURE_AUTORELEASING = YES;
				CLANG_WARN_BOOL_CONVERSION = YES;
				CLANG_WARN_COMMA = YES;
				CLANG_WARN_CONSTANT_CONVERSION = YES;
				CLANG_WARN_DEPRECATED_OBJC_IMPLEMENTATIONS = YES;
				CLANG_WARN_DIRECT_OBJC_ISA_USAGE = YES_ERROR;
				CLANG_WARN_DOCUMENTATION_COMMENTS = YES;
				CLANG_WARN_EMPTY_BODY = YES;
				CLANG_WARN_ENUM_CONVERSION = YES;
				CLANG_WARN_INFINITE_RECURSION = YES;
				CLANG_WARN_INT_CONVERSION = YES;
				CLANG_WARN_NON_LITERAL_NULL_CONVERSION = YES;
				CLANG_WARN_OBJC_IMPLICIT_RETAIN_SELF = YES;
				CLANG_WARN_OBJC_LITERAL_CONVERSION = YES;
				CLANG_WARN_OBJC_ROOT_CLASS = YES_ERROR;
				CLANG_WARN_QUOTED_INCLUDE_IN_FRAMEWORK_HEADER = YES;
				CLANG_WARN_RANGE_LOOP_ANALYSIS = YES;
				CLANG_WARN_STRICT_PROTOTYPES = YES;
				CLANG_WARN_SUSPICIOUS_MOVE = YES;
				CLANG_WARN_UNGUARDED_AVAILABILITY = YES_AGGRESSIVE;
				CLANG_WARN_UNREACHABLE_CODE = YES;
				CLANG_WARN__DUPLICATE_METHOD_MATCH = YES;
				COPY_PHASE_STRIP = NO;
				CURRENT_PROJECT_VERSION = 1;
				DEBUG_INFORMATION_FORMAT = dwarf;
				ENABLE_STRICT_OBJC_MSGSEND = YES;
				ENABLE_TESTABILITY = YES;
				GCC_C_LANGUAGE_STANDARD = gnu11;
				GCC_DYNAMIC_NO_PIC = NO;
				GCC_NO_COMMON_BLOCKS = YES;
				GCC_OPTIMIZATION_LEVEL = 0;
				GCC_PREPROCESSOR_DEFINITIONS = (
					"DEBUG=1",
					"$(inherited)",
				);
				GCC_WARN_64_TO_32_BIT_CONVERSION = YES;
				GCC_WARN_ABOUT_RETURN_TYPE = YES_ERROR;
				GCC_WARN_UNDECLARED_SELECTOR = YES;
				GCC_WARN_UNINITIALIZED_AUTOS = YES_AGGRESSIVE;
				GCC_WARN_UNUSED_FUNCTION = YES;
				GCC_WARN_UNUSED_VARIABLE = YES;
				IPHONEOS_DEPLOYMENT_TARGET = 11.0;
				MTL_ENABLE_DEBUG_INFO = INCLUDE_SOURCE;
				MTL_FAST_MATH = YES;
				ONLY_ACTIVE_ARCH = YES;
				SDKROOT = iphoneos;
				SWIFT_ACTIVE_COMPILATION_CONDITIONS = DEBUG;
				SWIFT_OPTIMIZATION_LEVEL = "-Onone";
				SWIFT_VERSION = 5.0;
				VERSIONING_SYSTEM = "apple-generic";
				VERSION_INFO_PREFIX = "";
			};
			name = Debug;
		};
		94DDD2192AF32CFB00077AA6 /* Release */ = {
			isa = XCBuildConfiguration;
			buildSettings = {
				ALWAYS_SEARCH_USER_PATHS = NO;
				CLANG_ANALYZER_NONNULL = YES;
				CLANG_ANALYZER_NUMBER_OBJECT_CONVERSION = YES_AGGRESSIVE;
				CLANG_CXX_LANGUAGE_STANDARD = "gnu++20";
				CLANG_ENABLE_MODULES = YES;
				CLANG_ENABLE_OBJC_ARC = YES;
				CLANG_ENABLE_OBJC_WEAK = YES;
				CLANG_WARN_BLOCK_CAPTURE_AUTORELEASING = YES;
				CLANG_WARN_BOOL_CONVERSION = YES;
				CLANG_WARN_COMMA = YES;
				CLANG_WARN_CONSTANT_CONVERSION = YES;
				CLANG_WARN_DEPRECATED_OBJC_IMPLEMENTATIONS = YES;
				CLANG_WARN_DIRECT_OBJC_ISA_USAGE = YES_ERROR;
				CLANG_WARN_DOCUMENTATION_COMMENTS = YES;
				CLANG_WARN_EMPTY_BODY = YES;
				CLANG_WARN_ENUM_CONVERSION = YES;
				CLANG_WARN_INFINITE_RECURSION = YES;
				CLANG_WARN_INT_CONVERSION = YES;
				CLANG_WARN_NON_LITERAL_NULL_CONVERSION = YES;
				CLANG_WARN_OBJC_IMPLICIT_RETAIN_SELF = YES;
				CLANG_WARN_OBJC_LITERAL_CONVERSION = YES;
				CLANG_WARN_OBJC_ROOT_CLASS = YES_ERROR;
				CLANG_WARN_QUOTED_INCLUDE_IN_FRAMEWORK_HEADER = YES;
				CLANG_WARN_RANGE_LOOP_ANALYSIS = YES;
				CLANG_WARN_STRICT_PROTOTYPES = YES;
				CLANG_WARN_SUSPICIOUS_MOVE = YES;
				CLANG_WARN_UNGUARDED_AVAILABILITY = YES_AGGRESSIVE;
				CLANG_WARN_UNREACHABLE_CODE = YES;
				CLANG_WARN__DUPLICATE_METHOD_MATCH = YES;
				COPY_PHASE_STRIP = NO;
				CURRENT_PROJECT_VERSION = 1;
				DEBUG_INFORMATION_FORMAT = "dwarf-with-dsym";
				ENABLE_NS_ASSERTIONS = NO;
				ENABLE_STRICT_OBJC_MSGSEND = YES;
				GCC_C_LANGUAGE_STANDARD = gnu11;
				GCC_NO_COMMON_BLOCKS = YES;
				GCC_WARN_64_TO_32_BIT_CONVERSION = YES;
				GCC_WARN_ABOUT_RETURN_TYPE = YES_ERROR;
				GCC_WARN_UNDECLARED_SELECTOR = YES;
				GCC_WARN_UNINITIALIZED_AUTOS = YES_AGGRESSIVE;
				GCC_WARN_UNUSED_FUNCTION = YES;
				GCC_WARN_UNUSED_VARIABLE = YES;
				IPHONEOS_DEPLOYMENT_TARGET = 11.0;
				MTL_ENABLE_DEBUG_INFO = NO;
				MTL_FAST_MATH = YES;
				SDKROOT = iphoneos;
				SWIFT_COMPILATION_MODE = wholemodule;
				SWIFT_OPTIMIZATION_LEVEL = "-O";
				SWIFT_VERSION = 5.0;
				VALIDATE_PRODUCT = YES;
				VERSIONING_SYSTEM = "apple-generic";
				VERSION_INFO_PREFIX = "";
			};
			name = Release;
		};
		94DDD21B2AF32CFB00077AA6 /* Debug */ = {
			isa = XCBuildConfiguration;
			buildSettings = {
				CLANG_ENABLE_MODULES = YES;
				CODE_SIGN_STYLE = Automatic;
				CURRENT_PROJECT_VERSION = 1;
				DEFINES_MODULE = YES;
				DYLIB_COMPATIBILITY_VERSION = 1;
				DYLIB_CURRENT_VERSION = 1;
				DYLIB_INSTALL_NAME_BASE = "@rpath";
				ENABLE_MODULE_VERIFIER = YES;
				GENERATE_INFOPLIST_FILE = YES;
				INFOPLIST_KEY_NSHumanReadableCopyright = "";
				INSTALL_PATH = "$(LOCAL_LIBRARY_DIR)/Frameworks";
				LD_RUNPATH_SEARCH_PATHS = (
					"$(inherited)",
					"@executable_path/Frameworks",
					"@loader_path/Frameworks",
				);
				MACOSX_DEPLOYMENT_TARGET = "";
				MARKETING_VERSION = 1.0;
				MODULE_VERIFIER_SUPPORTED_LANGUAGES = "objective-c objective-c++";
				MODULE_VERIFIER_SUPPORTED_LANGUAGE_STANDARDS = "gnu11 gnu++20";
				PRODUCT_BUNDLE_IDENTIFIER = com.max.SBExtensions;
				PRODUCT_NAME = "$(TARGET_NAME:c99extidentifier)";
				SKIP_INSTALL = YES;
				SUPPORTED_PLATFORMS = "iphoneos iphonesimulator";
				SUPPORTS_MACCATALYST = NO;
				SUPPORTS_MAC_DESIGNED_FOR_IPHONE_IPAD = NO;
				SWIFT_EMIT_LOC_STRINGS = YES;
				SWIFT_OPTIMIZATION_LEVEL = "-Onone";
				SWIFT_VERSION = 5.0;
				TARGETED_DEVICE_FAMILY = "1,2";
				TVOS_DEPLOYMENT_TARGET = "";
				WATCHOS_DEPLOYMENT_TARGET = "";
			};
			name = Debug;
		};
		94DDD21C2AF32CFB00077AA6 /* Release */ = {
			isa = XCBuildConfiguration;
			buildSettings = {
				CLANG_ENABLE_MODULES = YES;
				CODE_SIGN_STYLE = Automatic;
				CURRENT_PROJECT_VERSION = 1;
				DEFINES_MODULE = YES;
				DYLIB_COMPATIBILITY_VERSION = 1;
				DYLIB_CURRENT_VERSION = 1;
				DYLIB_INSTALL_NAME_BASE = "@rpath";
				ENABLE_MODULE_VERIFIER = YES;
				GENERATE_INFOPLIST_FILE = YES;
				INFOPLIST_KEY_NSHumanReadableCopyright = "";
				INSTALL_PATH = "$(LOCAL_LIBRARY_DIR)/Frameworks";
				LD_RUNPATH_SEARCH_PATHS = (
					"$(inherited)",
					"@executable_path/Frameworks",
					"@loader_path/Frameworks",
				);
				MACOSX_DEPLOYMENT_TARGET = "";
				MARKETING_VERSION = 1.0;
				MODULE_VERIFIER_SUPPORTED_LANGUAGES = "objective-c objective-c++";
				MODULE_VERIFIER_SUPPORTED_LANGUAGE_STANDARDS = "gnu11 gnu++20";
				PRODUCT_BUNDLE_IDENTIFIER = com.max.SBExtensions;
				PRODUCT_NAME = "$(TARGET_NAME:c99extidentifier)";
				SKIP_INSTALL = YES;
				SUPPORTED_PLATFORMS = "iphoneos iphonesimulator";
				SUPPORTS_MACCATALYST = NO;
				SUPPORTS_MAC_DESIGNED_FOR_IPHONE_IPAD = NO;
				SWIFT_EMIT_LOC_STRINGS = YES;
				SWIFT_VERSION = 5.0;
				TARGETED_DEVICE_FAMILY = "1,2";
				TVOS_DEPLOYMENT_TARGET = "";
				WATCHOS_DEPLOYMENT_TARGET = "";
			};
			name = Release;
		};
		94DDD21E2AF32CFB00077AA6 /* Debug */ = {
			isa = XCBuildConfiguration;
			buildSettings = {
				ALWAYS_EMBED_SWIFT_STANDARD_LIBRARIES = YES;
				CLANG_ENABLE_MODULES = YES;
				CODE_SIGN_STYLE = Automatic;
				CURRENT_PROJECT_VERSION = 1;
				GENERATE_INFOPLIST_FILE = YES;
				MACOSX_DEPLOYMENT_TARGET = "";
				MARKETING_VERSION = 1.0;
				PRODUCT_BUNDLE_IDENTIFIER = com.max.SBExtensionsTests;
				PRODUCT_NAME = "$(TARGET_NAME)";
				SUPPORTED_PLATFORMS = "iphoneos iphonesimulator";
				SUPPORTS_MACCATALYST = NO;
				SUPPORTS_MAC_DESIGNED_FOR_IPHONE_IPAD = NO;
				SWIFT_EMIT_LOC_STRINGS = NO;
				SWIFT_OPTIMIZATION_LEVEL = "-Onone";
				SWIFT_VERSION = 5.0;
				TARGETED_DEVICE_FAMILY = "1,2";
				TVOS_DEPLOYMENT_TARGET = "";
				WATCHOS_DEPLOYMENT_TARGET = "";
			};
			name = Debug;
		};
		94DDD21F2AF32CFB00077AA6 /* Release */ = {
			isa = XCBuildConfiguration;
			buildSettings = {
				ALWAYS_EMBED_SWIFT_STANDARD_LIBRARIES = YES;
				CLANG_ENABLE_MODULES = YES;
				CODE_SIGN_STYLE = Automatic;
				CURRENT_PROJECT_VERSION = 1;
				GENERATE_INFOPLIST_FILE = YES;
				MACOSX_DEPLOYMENT_TARGET = "";
				MARKETING_VERSION = 1.0;
				PRODUCT_BUNDLE_IDENTIFIER = com.max.SBExtensionsTests;
				PRODUCT_NAME = "$(TARGET_NAME)";
				SUPPORTED_PLATFORMS = "iphoneos iphonesimulator";
				SUPPORTS_MACCATALYST = NO;
				SUPPORTS_MAC_DESIGNED_FOR_IPHONE_IPAD = NO;
				SWIFT_EMIT_LOC_STRINGS = NO;
				SWIFT_VERSION = 5.0;
				TARGETED_DEVICE_FAMILY = "1,2";
				TVOS_DEPLOYMENT_TARGET = "";
				WATCHOS_DEPLOYMENT_TARGET = "";
			};
			name = Release;
		};
/* End XCBuildConfiguration section */

/* Begin XCConfigurationList section */
		94DDD2022AF32CFB00077AA6 /* Build configuration list for PBXProject "SBExtensions" */ = {
			isa = XCConfigurationList;
			buildConfigurations = (
				94DDD2182AF32CFB00077AA6 /* Debug */,
				94DDD2192AF32CFB00077AA6 /* Release */,
			);
			defaultConfigurationIsVisible = 0;
			defaultConfigurationName = Release;
		};
		94DDD21A2AF32CFB00077AA6 /* Build configuration list for PBXNativeTarget "SBExtensions" */ = {
			isa = XCConfigurationList;
			buildConfigurations = (
				94DDD21B2AF32CFB00077AA6 /* Debug */,
				94DDD21C2AF32CFB00077AA6 /* Release */,
			);
			defaultConfigurationIsVisible = 0;
			defaultConfigurationName = Release;
		};
		94DDD21D2AF32CFB00077AA6 /* Build configuration list for PBXNativeTarget "SBExtensionsTests" */ = {
			isa = XCConfigurationList;
			buildConfigurations = (
				94DDD21E2AF32CFB00077AA6 /* Debug */,
				94DDD21F2AF32CFB00077AA6 /* Release */,
			);
			defaultConfigurationIsVisible = 0;
			defaultConfigurationName = Release;
		};
/* End XCConfigurationList section */
	};
	rootObject = 94DDD1FF2AF32CFB00077AA6 /* Project object */;
}
